
Microsoft Visual Studio Solution File, Format Version 12.00
# Visual Studio Version 16
VisualStudioVersion = 16.0.29609.76
MinimumVisualStudioVersion = 10.0.40219.1
Project("{FAE04EC0-301F-11D3-BF4B-00C04F79EFBC}") = "ConsoleApp3", "ConsoleApp3\ConsoleApp3.csproj", "{C958A375-3B7C-4DD7-A47B-27055BDFCB35}"
EndProject
Global
	GlobalSection(SolutionConfigurationPlatforms) = preSolution
		Debug|Any CPU = Debug|Any CPU
		Release|Any CPU = Release|Any CPU
	EndGlobalSection
	GlobalSection(ProjectConfigurationPlatforms) = postSolution
		{C958A375-3B7C-4DD7-A47B-27055BDFCB35}.Debug|Any CPU.ActiveCfg = Debug|Any CPU
		{C958A375-3B7C-4DD7-A47B-27055BDFCB35}.Debug|Any CPU.Build.0 = Debug|Any CPU
		{C958A375-3B7C-4DD7-A47B-27055BDFCB35}.Release|Any CPU.ActiveCfg = Release|Any CPU
		{C958A375-3B7C-4DD7-A47B-27055BDFCB35}.Release|Any CPU.Build.0 = Release|Any CPU
	EndGlobalSection
	GlobalSection(SolutionProperties) = preSolution
		HideSolutionNode = FALSE
	EndGlobalSection
	GlobalSection(ExtensibilityGlobals) = postSolution
		SolutionGuid = {6FFC70A0-9558-4FAE-BC38-25C5338524F7}
	EndGlobalSection
EndGlobal
